
Microsoft Visual Studio Solution File, Format Version 12.00
# Visual Studio Version 17
VisualStudioVersion = 17.14.36429.23
MinimumVisualStudioVersion = 10.0.40219.1
Project("{FAE04EC0-301F-11D3-BF4B-00C04F79EFBC}") = "PrograAvanzada_Miercoles", "PrograAvanzada_Miercoles.csproj", "{1FA27400-E1DD-4EB4-A40E-FB69CEC6FD82}"
EndProject
Global
	GlobalSection(SolutionConfigurationPlatforms) = preSolution
		Debug|Any CPU = Debug|Any CPU
		Release|Any CPU = Release|Any CPU
	EndGlobalSection
	GlobalSection(ProjectConfigurationPlatforms) = postSolution
		{1FA27400-E1DD-4EB4-A40E-FB69CEC6FD82}.Debug|Any CPU.ActiveCfg = Debug|Any CPU
		{1FA27400-E1DD-4EB4-A40E-FB69CEC6FD82}.Debug|Any CPU.Build.0 = Debug|Any CPU
		{1FA27400-E1DD-4EB4-A40E-FB69CEC6FD82}.Release|Any CPU.ActiveCfg = Release|Any CPU
		{1FA27400-E1DD-4EB4-A40E-FB69CEC6FD82}.Release|Any CPU.Build.0 = Release|Any CPU
	EndGlobalSection
	GlobalSection(SolutionProperties) = preSolution
		HideSolutionNode = FALSE
	EndGlobalSection
	GlobalSection(ExtensibilityGlobals) = postSolution
		SolutionGuid = {8BB0B231-A158-44F4-93C1-DA8655A348C5}
	EndGlobalSection
EndGlobal
